
Microsoft Visual Studio Solution File, Format Version 12.00
# Visual Studio Version 16
VisualStudioVersion = 16.0.31729.503
MinimumVisualStudioVersion = 10.0.40219.1
Project("{FAE04EC0-301F-11D3-BF4B-00C04F79EFBC}") = "Plant_Monitor", "Plant Monitor\Plant_Monitor.csproj", "{06B82276-E783-424E-98FE-84209DFD0A9F}"
EndProject
Global
	GlobalSection(SolutionConfigurationPlatforms) = preSolution
		Debug|Any CPU = Debug|Any CPU
		Release|Any CPU = Release|Any CPU
	EndGlobalSection
	GlobalSection(ProjectConfigurationPlatforms) = postSolution
		{06B82276-E783-424E-98FE-84209DFD0A9F}.Debug|Any CPU.ActiveCfg = Debug|Any CPU
		{06B82276-E783-424E-98FE-84209DFD0A9F}.Debug|Any CPU.Build.0 = Debug|Any CPU
		{06B82276-E783-424E-98FE-84209DFD0A9F}.Release|Any CPU.ActiveCfg = Release|Any CPU
		{06B82276-E783-424E-98FE-84209DFD0A9F}.Release|Any CPU.Build.0 = Release|Any CPU
	EndGlobalSection
	GlobalSection(SolutionProperties) = preSolution
		HideSolutionNode = FALSE
	EndGlobalSection
	GlobalSection(ExtensibilityGlobals) = postSolution
		SolutionGuid = {A02EFC4B-A772-4EC2-877A-DAA4000B9E54}
	EndGlobalSection
EndGlobal
